
Microsoft Visual Studio Solution File, Format Version 12.00
# Visual Studio 15
VisualStudioVersion = 15.0.28307.1082
MinimumVisualStudioVersion = 10.0.40219.1
Project("{FAE04EC0-301F-11D3-BF4B-00C04F79EFBC}") = "WPFUI", "WPFUI\WPFUI.csproj", "{64CC26E6-8C60-41F2-B9CE-A520352058DA}"
EndProject
Project("{FAE04EC0-301F-11D3-BF4B-00C04F79EFBC}") = "Engine", "Engine\Engine.csproj", "{36FEEC0E-CA3A-440D-8199-FE56C53EEE9C}"
EndProject
Global
	GlobalSection(SolutionConfigurationPlatforms) = preSolution
		Debug|Any CPU = Debug|Any CPU
		Release|Any CPU = Release|Any CPU
	EndGlobalSection
	GlobalSection(ProjectConfigurationPlatforms) = postSolution
		{64CC26E6-8C60-41F2-B9CE-A520352058DA}.Debug|Any CPU.ActiveCfg = Debug|Any CPU
		{64CC26E6-8C60-41F2-B9CE-A520352058DA}.Debug|Any CPU.Build.0 = Debug|Any CPU
		{64CC26E6-8C60-41F2-B9CE-A520352058DA}.Release|Any CPU.ActiveCfg = Release|Any CPU
		{64CC26E6-8C60-41F2-B9CE-A520352058DA}.Release|Any CPU.Build.0 = Release|Any CPU
		{36FEEC0E-CA3A-440D-8199-FE56C53EEE9C}.Debug|Any CPU.ActiveCfg = Debug|Any CPU
		{36FEEC0E-CA3A-440D-8199-FE56C53EEE9C}.Debug|Any CPU.Build.0 = Debug|Any CPU
		{36FEEC0E-CA3A-440D-8199-FE56C53EEE9C}.Release|Any CPU.ActiveCfg = Release|Any CPU
		{36FEEC0E-CA3A-440D-8199-FE56C53EEE9C}.Release|Any CPU.Build.0 = Release|Any CPU
	EndGlobalSection
	GlobalSection(SolutionProperties) = preSolution
		HideSolutionNode = FALSE
	EndGlobalSection
	GlobalSection(ExtensibilityGlobals) = postSolution
		SolutionGuid = {79B50CCB-BFCA-4814-815D-592F1BE86875}
	EndGlobalSection
EndGlobal
